
Microsoft Visual Studio Solution File, Format Version 12.00
# Visual Studio Version 16
VisualStudioVersion = 16.0.28721.148
MinimumVisualStudioVersion = 10.0.40219.1
Project("{FAE04EC0-301F-11D3-BF4B-00C04F79EFBC}") = "test", "test\test.csproj", "{9A5EAFCE-854D-4575-A90B-209DFA710905}"
EndProject
Global
	GlobalSection(SolutionConfigurationPlatforms) = preSolution
		Debug|Any CPU = Debug|Any CPU
		Release|Any CPU = Release|Any CPU
	EndGlobalSection
	GlobalSection(ProjectConfigurationPlatforms) = postSolution
		{9A5EAFCE-854D-4575-A90B-209DFA710905}.Debug|Any CPU.ActiveCfg = Debug|Any CPU
		{9A5EAFCE-854D-4575-A90B-209DFA710905}.Debug|Any CPU.Build.0 = Debug|Any CPU
		{9A5EAFCE-854D-4575-A90B-209DFA710905}.Release|Any CPU.ActiveCfg = Release|Any CPU
		{9A5EAFCE-854D-4575-A90B-209DFA710905}.Release|Any CPU.Build.0 = Release|Any CPU
	EndGlobalSection
	GlobalSection(SolutionProperties) = preSolution
		HideSolutionNode = FALSE
	EndGlobalSection
	GlobalSection(ExtensibilityGlobals) = postSolution
		SolutionGuid = {2074C26F-6C81-4629-92AA-56394709A5B6}
	EndGlobalSection
EndGlobal
